
Microsoft Visual Studio Solution File, Format Version 12.00
# Visual Studio Version 17
VisualStudioVersion = 17.14.36401.2 d17.14
MinimumVisualStudioVersion = 10.0.40219.1
Project("{FAE04EC0-301F-11D3-BF4B-00C04F79EFBC}") = "WASolarSystem", "WASolarSystem.csproj", "{D5E227E0-E512-4D2B-A578-5BF08E71D28F}"
EndProject
Global
	GlobalSection(SolutionConfigurationPlatforms) = preSolution
		Debug|Any CPU = Debug|Any CPU
		Release|Any CPU = Release|Any CPU
	EndGlobalSection
	GlobalSection(ProjectConfigurationPlatforms) = postSolution
		{D5E227E0-E512-4D2B-A578-5BF08E71D28F}.Debug|Any CPU.ActiveCfg = Debug|Any CPU
		{D5E227E0-E512-4D2B-A578-5BF08E71D28F}.Debug|Any CPU.Build.0 = Debug|Any CPU
		{D5E227E0-E512-4D2B-A578-5BF08E71D28F}.Release|Any CPU.ActiveCfg = Release|Any CPU
		{D5E227E0-E512-4D2B-A578-5BF08E71D28F}.Release|Any CPU.Build.0 = Release|Any CPU
	EndGlobalSection
	GlobalSection(SolutionProperties) = preSolution
		HideSolutionNode = FALSE
	EndGlobalSection
	GlobalSection(ExtensibilityGlobals) = postSolution
		SolutionGuid = {41DCBBCF-66F1-4B33-A150-9D3BCB5640F5}
	EndGlobalSection
EndGlobal
